
Microsoft Visual Studio Solution File, Format Version 12.00
# Visual Studio Version 17
VisualStudioVersion = 17.4.33205.214
MinimumVisualStudioVersion = 10.0.40219.1
Project("{FAE04EC0-301F-11D3-BF4B-00C04F79EFBC}") = "Auticka", "Auticka\Auticka.csproj", "{43265CF6-26F2-4491-9C0C-F02BA3CDEFBF}"
EndProject
Global
	GlobalSection(SolutionConfigurationPlatforms) = preSolution
		Debug|Any CPU = Debug|Any CPU
		Release|Any CPU = Release|Any CPU
	EndGlobalSection
	GlobalSection(ProjectConfigurationPlatforms) = postSolution
		{43265CF6-26F2-4491-9C0C-F02BA3CDEFBF}.Debug|Any CPU.ActiveCfg = Debug|Any CPU
		{43265CF6-26F2-4491-9C0C-F02BA3CDEFBF}.Debug|Any CPU.Build.0 = Debug|Any CPU
		{43265CF6-26F2-4491-9C0C-F02BA3CDEFBF}.Release|Any CPU.ActiveCfg = Release|Any CPU
		{43265CF6-26F2-4491-9C0C-F02BA3CDEFBF}.Release|Any CPU.Build.0 = Release|Any CPU
	EndGlobalSection
	GlobalSection(SolutionProperties) = preSolution
		HideSolutionNode = FALSE
	EndGlobalSection
	GlobalSection(ExtensibilityGlobals) = postSolution
		SolutionGuid = {2FF0C8F8-39FA-4DB6-83E9-E8F7E6494B76}
	EndGlobalSection
EndGlobal
